# THIS IS AN AUTOGENERATED FILE. DO NOT EDIT THIS FILE DIRECTLY.
# yarn lockfile v1


"@types/argparse@^2.0.4":
  version "2.0.4"
  resolved "https://registry.yarnpkg.com/@types/argparse/-/argparse-2.0.4.tgz#07a2edc7b5408df134a1bfe6ed7d112e8a5c179e"
  integrity sha512-nODH1e9muvwytv7/5fGi8kE4lMcUlM+iV26ySWfx66IqLCMu8y36s2QAZkOk0L0DsOEG1+irIp8u6xgINm/0dQ==

"@types/node@*", "@types/node@^14.14.14":
  version "14.14.14"
  resolved "https://registry.yarnpkg.com/@types/node/-/node-14.14.14.tgz#f7fd5f3cc8521301119f63910f0fb965c7d761ae"
  integrity sha512-UHnOPWVWV1z+VV8k6L1HhG7UbGBgIdghqF3l9Ny9ApPghbjICXkUJSd/b9gOgQfjM1r+37cipdw/HJ3F6ICEnQ==

"@types/nodemailer@^6.4.0":
  version "6.4.0"
  resolved "https://registry.yarnpkg.com/@types/nodemailer/-/nodemailer-6.4.0.tgz#d8c039be3ed685c4719a026455555be82c124b74"
  integrity sha512-KY7bFWB0MahRZvVW4CuW83qcCDny59pJJ0MQ5ifvfcjNwPlIT0vW4uARO4u1gtkYnWdhSvURegecY/tzcukJcA==
  dependencies:
    "@types/node" "*"

argparse@^2:
  version "2.0.1"
  resolved "https://registry.yarnpkg.com/argparse/-/argparse-2.0.1.tgz#246f50f3ca78a3240f6c997e8a9bd1eac49e4b38"
  integrity sha512-8+9WqebbFzpX9OR+Wa6O29asIogeRMzcGtAINdpMHHyAg10f05aSFVBbcEqGf/PXw1EjAZ+q2/bEBg3DvurK3Q==

commander@^6.0.0:
  version "6.2.1"
  resolved "https://registry.yarnpkg.com/commander/-/commander-6.2.1.tgz#0792eb682dfbc325999bb2b84fddddba110ac73c"
  integrity sha512-U7VdrJFnJgo4xjrHpTzu0yrHPGImdsmD95ZlgYSEajAn2JKzDhDTPG9kBTefmObL2w/ngeZnilk+OV9CG3d7UA==

config-ini-parser@^1.3.5:
  version "1.3.8"
  resolved "https://registry.yarnpkg.com/config-ini-parser/-/config-ini-parser-1.3.8.tgz#fd64d62079dee4acb2cb8e2a9a38d83e24df8067"
  integrity sha512-YK8DksS70jpzOl1P1wayJvEmhqR1qyZFvID8CGvpOoZ261YXq0OCliCVch8JBRS10QA1cfJJ+IM98m/i6wgoZQ==

config-ini@^0.2:
  version "0.2.2"
  resolved "https://registry.yarnpkg.com/config-ini/-/config-ini-0.2.2.tgz#578e6164b5195c3e53fe2973fc1d6dfe08960144"
  integrity sha1-V45hZLUZXD5T/ilz/B1t/giWAUQ=
  dependencies:
    iniparser "~1.0.5"

iniparser@~1.0.5:
  version "1.0.5"
  resolved "https://registry.yarnpkg.com/iniparser/-/iniparser-1.0.5.tgz#836d6befe6dfbfcee0bccf1cf9f2acc7027f783d"
  integrity sha1-g21r7+bfv87gvM8c+fKsxwJ/eD0=

nodemailer@^6.4:
  version "6.4.17"
  resolved "https://registry.yarnpkg.com/nodemailer/-/nodemailer-6.4.17.tgz#8de98618028953b80680775770f937243a7d7877"
  integrity sha512-89ps+SBGpo0D4Bi5ZrxcrCiRFaMmkCt+gItMXQGzEtZVR3uAD3QAQIDoxTWnx3ky0Dwwy/dhFrQ+6NNGXpw/qQ==

"open-build-service-api@https://github.com/SUSE/open-build-service-api.git":
  version "0.0.1"
  resolved "https://github.com/SUSE/open-build-service-api.git#70f9a23a3a6bca3531b0df60c239946284744851"
  dependencies:
    config-ini-parser "^1.3.5"
    seek-bzip "^2"
    xml2js "^0.4.22"

prettier@^2.2.1:
  version "2.2.1"
  resolved "https://registry.yarnpkg.com/prettier/-/prettier-2.2.1.tgz#795a1a78dd52f073da0cd42b21f9c91381923ff5"
  integrity sha512-PqyhM2yCjg/oKkFPtTGUojv7gnZAoG80ttl45O6x2Ug/rMJw4wcc9k6aaf2hibP7BGVCCM33gZoGjyvt9mm16Q==

sax@>=0.6.0:
  version "1.2.4"
  resolved "https://registry.yarnpkg.com/sax/-/sax-1.2.4.tgz#2816234e2378bddc4e5354fab5caa895df7100d9"
  integrity sha512-NqVDv9TpANUjFm0N8uM5GxL36UgKi9/atZw+x7YFnQ8ckwFGKrl4xX4yWtrey3UJm5nP1kUbnYgLopqWNSRhWw==

seek-bzip@^2:
  version "2.0.0"
  resolved "https://registry.yarnpkg.com/seek-bzip/-/seek-bzip-2.0.0.tgz#f0478ab6acd0ac72345d18dc7525dd84d3c706a2"
  integrity sha512-SMguiTnYrhpLdk3PwfzHeotrcwi8bNV4iemL9tx9poR/yeaMYwB9VzR1w7b57DuWpuqR8n6oZboi0hj3AxZxQg==
  dependencies:
    commander "^6.0.0"

typescript@>=4.1:
  version "4.1.3"
  resolved "https://registry.yarnpkg.com/typescript/-/typescript-4.1.3.tgz#519d582bd94cba0cf8934c7d8e8467e473f53bb7"
  integrity sha512-B3ZIOf1IKeH2ixgHhj6la6xdwR9QrLC5d1VKeCSY4tvkqhF2eqd9O7txNlS0PO3GrBAFIdr3L1ndNwteUbZLYg==

xml2js@^0.4.22:
  version "0.4.23"
  resolved "https://registry.yarnpkg.com/xml2js/-/xml2js-0.4.23.tgz#a0c69516752421eb2ac758ee4d4ccf58843eac66"
  integrity sha512-ySPiMjM0+pLDftHgXY4By0uswI3SPKLDw/i3UXbnO8M/p28zqexCUoPmQFrYD+/1BzhGJSs2i1ERWKJAtiLrug==
  dependencies:
    sax ">=0.6.0"
    xmlbuilder "~11.0.0"

xmlbuilder@~11.0.0:
  version "11.0.1"
  resolved "https://registry.yarnpkg.com/xmlbuilder/-/xmlbuilder-11.0.1.tgz#be9bae1c8a046e76b31127726347d0ad7002beb3"
  integrity sha512-fDlsI/kFEx7gLvbecc0/ohLG50fugQp8ryHzMTuW9vSa1GJ0XYWKnhsUx7oie3G98+r56aTQIUB4kht42R3JvA==
